// !$*UTF8*$!
{
	archiveVersion = 1;
	classes = {
	};
	objectVersion = 50;
	objects = {

/* Begin PBXBuildFile section */
		E309B1F225EA792C00DCDC93 /* main.c in Sources */ = {isa = PBXBuildFile; fileRef = E309B1F125EA792C00DCDC93 /* main.c */; };
		E37EA4E0269EB67500D7CDD6 /* BLK_poker.c in Sources */ = {isa = PBXBuildFile; fileRef = E37EA4CE269EB67400D7CDD6 /* BLK_poker.c */; };
		E37EA4E1269EB67500D7CDD6 /* BLK_utility.c in Sources */ = {isa = PBXBuildFile; fileRef = E37EA4D1269EB67400D7CDD6 /* BLK_utility.c */; };
		E37EA4E2269EB67500D7CDD6 /* BLK_math.c in Sources */ = {isa = PBXBuildFile; fileRef = E37EA4D2269EB67400D7CDD6 /* BLK_math.c */; };
		E37EA4E3269EB67500D7CDD6 /* BLK_lib.c in Sources */ = {isa = PBXBuildFile; fileRef = E37EA4D3269EB67400D7CDD6 /* BLK_lib.c */; };
		E37EA4E4269EB67500D7CDD6 /* BLK_graphic.c in Sources */ = {isa = PBXBuildFile; fileRef = E37EA4D4269EB67400D7CDD6 /* BLK_graphic.c */; };
		E37EA4E5269EB67500D7CDD6 /* BLK_time.c in Sources */ = {isa = PBXBuildFile; fileRef = E37EA4D6269EB67400D7CDD6 /* BLK_time.c */; };
		E37EA4E6269EB67500D7CDD6 /* BLK_dsp.c in Sources */ = {isa = PBXBuildFile; fileRef = E37EA4D9269EB67400D7CDD6 /* BLK_dsp.c */; };
		E37EA4E7269EB67500D7CDD6 /* BLK_image.c in Sources */ = {isa = PBXBuildFile; fileRef = E37EA4DC269EB67400D7CDD6 /* BLK_image.c */; };
		E37EA4E8269EB67500D7CDD6 /* BLK_data.c in Sources */ = {isa = PBXBuildFile; fileRef = E37EA4DF269EB67500D7CDD6 /* BLK_data.c */; };
		E37EA4EE269EB6CF00D7CDD6 /* RH_dummy.c in Sources */ = {isa = PBXBuildFile; fileRef = E37EA4ED269EB6CF00D7CDD6 /* RH_dummy.c */; };
/* End PBXBuildFile section */

/* Begin PBXCopyFilesBuildPhase section */
		E309B1EC25EA792C00DCDC93 /* CopyFiles */ = {
			isa = PBXCopyFilesBuildPhase;
			buildActionMask = 2147483647;
			dstPath = /usr/share/man/man1/;
			dstSubfolderSpec = 0;
			files = (
			);
			runOnlyForDeploymentPostprocessing = 1;
		};
/* End PBXCopyFilesBuildPhase section */

/* Begin PBXFileReference section */
		E309B1EE25EA792C00DCDC93 /* Xcode_11 */ = {isa = PBXFileReference; explicitFileType = "compiled.mach-o.executable"; includeInIndex = 0; path = Xcode_11; sourceTree = BUILT_PRODUCTS_DIR; };
		E309B1F125EA792C00DCDC93 /* main.c */ = {isa = PBXFileReference; lastKnownFileType = sourcecode.c.c; path = main.c; sourceTree = "<group>"; };
		E37EA4CE269EB67400D7CDD6 /* BLK_poker.c */ = {isa = PBXFileReference; fileEncoding = 4; lastKnownFileType = sourcecode.c.c; name = BLK_poker.c; path = ../core/BLK_poker.c; sourceTree = "<group>"; };
		E37EA4CF269EB67400D7CDD6 /* BLK_utility.h */ = {isa = PBXFileReference; fileEncoding = 4; lastKnownFileType = sourcecode.c.h; name = BLK_utility.h; path = ../core/BLK_utility.h; sourceTree = "<group>"; };
		E37EA4D0269EB67400D7CDD6 /* BLK_time.h */ = {isa = PBXFileReference; fileEncoding = 4; lastKnownFileType = sourcecode.c.h; name = BLK_time.h; path = ../core/BLK_time.h; sourceTree = "<group>"; };
		E37EA4D1269EB67400D7CDD6 /* BLK_utility.c */ = {isa = PBXFileReference; fileEncoding = 4; lastKnownFileType = sourcecode.c.c; name = BLK_utility.c; path = ../core/BLK_utility.c; sourceTree = "<group>"; };
		E37EA4D2269EB67400D7CDD6 /* BLK_math.c */ = {isa = PBXFileReference; fileEncoding = 4; lastKnownFileType = sourcecode.c.c; name = BLK_math.c; path = ../core/BLK_math.c; sourceTree = "<group>"; };
		E37EA4D3269EB67400D7CDD6 /* BLK_lib.c */ = {isa = PBXFileReference; fileEncoding = 4; lastKnownFileType = sourcecode.c.c; name = BLK_lib.c; path = ../core/BLK_lib.c; sourceTree = "<group>"; };
		E37EA4D4269EB67400D7CDD6 /* BLK_graphic.c */ = {isa = PBXFileReference; fileEncoding = 4; lastKnownFileType = sourcecode.c.c; name = BLK_graphic.c; path = ../core/BLK_graphic.c; sourceTree = "<group>"; };
		E37EA4D5269EB67400D7CDD6 /* BLK_data.h */ = {isa = PBXFileReference; fileEncoding = 4; lastKnownFileType = sourcecode.c.h; name = BLK_data.h; path = ../core/BLK_data.h; sourceTree = "<group>"; };
		E37EA4D6269EB67400D7CDD6 /* BLK_time.c */ = {isa = PBXFileReference; fileEncoding = 4; lastKnownFileType = sourcecode.c.c; name = BLK_time.c; path = ../core/BLK_time.c; sourceTree = "<group>"; };
		E37EA4D7269EB67400D7CDD6 /* BLK_poker.h */ = {isa = PBXFileReference; fileEncoding = 4; lastKnownFileType = sourcecode.c.h; name = BLK_poker.h; path = ../core/BLK_poker.h; sourceTree = "<group>"; };
		E37EA4D8269EB67400D7CDD6 /* BLK_graphic.h */ = {isa = PBXFileReference; fileEncoding = 4; lastKnownFileType = sourcecode.c.h; name = BLK_graphic.h; path = ../core/BLK_graphic.h; sourceTree = "<group>"; };
		E37EA4D9269EB67400D7CDD6 /* BLK_dsp.c */ = {isa = PBXFileReference; fileEncoding = 4; lastKnownFileType = sourcecode.c.c; name = BLK_dsp.c; path = ../core/BLK_dsp.c; sourceTree = "<group>"; };
		E37EA4DA269EB67400D7CDD6 /* BLK_dsp.h */ = {isa = PBXFileReference; fileEncoding = 4; lastKnownFileType = sourcecode.c.h; name = BLK_dsp.h; path = ../core/BLK_dsp.h; sourceTree = "<group>"; };
		E37EA4DB269EB67400D7CDD6 /* BLK_image.h */ = {isa = PBXFileReference; fileEncoding = 4; lastKnownFileType = sourcecode.c.h; name = BLK_image.h; path = ../core/BLK_image.h; sourceTree = "<group>"; };
		E37EA4DC269EB67400D7CDD6 /* BLK_image.c */ = {isa = PBXFileReference; fileEncoding = 4; lastKnownFileType = sourcecode.c.c; name = BLK_image.c; path = ../core/BLK_image.c; sourceTree = "<group>"; };
		E37EA4DD269EB67400D7CDD6 /* BLK_lib.h */ = {isa = PBXFileReference; fileEncoding = 4; lastKnownFileType = sourcecode.c.h; name = BLK_lib.h; path = ../core/BLK_lib.h; sourceTree = "<group>"; };
		E37EA4DE269EB67500D7CDD6 /* BLK_math.h */ = {isa = PBXFileReference; fileEncoding = 4; lastKnownFileType = sourcecode.c.h; name = BLK_math.h; path = ../core/BLK_math.h; sourceTree = "<group>"; };
		E37EA4DF269EB67500D7CDD6 /* BLK_data.c */ = {isa = PBXFileReference; fileEncoding = 4; lastKnownFileType = sourcecode.c.c; name = BLK_data.c; path = ../core/BLK_data.c; sourceTree = "<group>"; };
		E37EA4E9269EB6AC00D7CDD6 /* RH_common.h */ = {isa = PBXFileReference; fileEncoding = 4; lastKnownFileType = sourcecode.c.h; name = RH_common.h; path = ../RH_common.h; sourceTree = "<group>"; };
		E37EA4EA269EB6AC00D7CDD6 /* RH_color.h */ = {isa = PBXFileReference; fileEncoding = 4; lastKnownFileType = sourcecode.c.h; name = RH_color.h; path = ../RH_color.h; sourceTree = "<group>"; };
		E37EA4EC269EB6CF00D7CDD6 /* RH_config.h */ = {isa = PBXFileReference; fileEncoding = 4; lastKnownFileType = sourcecode.c.h; name = RH_config.h; path = self/RH_config.h; sourceTree = "<group>"; };
		E37EA4ED269EB6CF00D7CDD6 /* RH_dummy.c */ = {isa = PBXFileReference; fileEncoding = 4; lastKnownFileType = sourcecode.c.c; name = RH_dummy.c; path = self/RH_dummy.c; sourceTree = "<group>"; };
/* End PBXFileReference section */

/* Begin PBXFrameworksBuildPhase section */
		E309B1EB25EA792C00DCDC93 /* Frameworks */ = {
			isa = PBXFrameworksBuildPhase;
			buildActionMask = 2147483647;
			files = (
			);
			runOnlyForDeploymentPostprocessing = 0;
		};
/* End PBXFrameworksBuildPhase section */

/* Begin PBXGroup section */
		E309B1E525EA792C00DCDC93 = {
			isa = PBXGroup;
			children = (
				E309B1F825EA793300DCDC93 /* BlackHouse */,
				E309B1F025EA792C00DCDC93 /* Xcode_11 */,
				E309B1EF25EA792C00DCDC93 /* Products */,
			);
			sourceTree = "<group>";
		};
		E309B1EF25EA792C00DCDC93 /* Products */ = {
			isa = PBXGroup;
			children = (
				E309B1EE25EA792C00DCDC93 /* Xcode_11 */,
			);
			name = Products;
			sourceTree = "<group>";
		};
		E309B1F025EA792C00DCDC93 /* Xcode_11 */ = {
			isa = PBXGroup;
			children = (
				E309B1F125EA792C00DCDC93 /* main.c */,
			);
			path = Xcode_11;
			sourceTree = "<group>";
		};
		E309B1F825EA793300DCDC93 /* BlackHouse */ = {
			isa = PBXGroup;
			children = (
				E37EA4EA269EB6AC00D7CDD6 /* RH_color.h */,
				E37EA4E9269EB6AC00D7CDD6 /* RH_common.h */,
				E37EA4EB269EB6B500D7CDD6 /* self */,
				E37EA4CD269EB65F00D7CDD6 /* core */,
			);
			name = BlackHouse;
			sourceTree = "<group>";
		};
		E37EA4CD269EB65F00D7CDD6 /* core */ = {
			isa = PBXGroup;
			children = (
				E37EA4DF269EB67500D7CDD6 /* BLK_data.c */,
				E37EA4D5269EB67400D7CDD6 /* BLK_data.h */,
				E37EA4D9269EB67400D7CDD6 /* BLK_dsp.c */,
				E37EA4DA269EB67400D7CDD6 /* BLK_dsp.h */,
				E37EA4D4269EB67400D7CDD6 /* BLK_graphic.c */,
				E37EA4D8269EB67400D7CDD6 /* BLK_graphic.h */,
				E37EA4DC269EB67400D7CDD6 /* BLK_image.c */,
				E37EA4DB269EB67400D7CDD6 /* BLK_image.h */,
				E37EA4D3269EB67400D7CDD6 /* BLK_lib.c */,
				E37EA4DD269EB67400D7CDD6 /* BLK_lib.h */,
				E37EA4D2269EB67400D7CDD6 /* BLK_math.c */,
				E37EA4DE269EB67500D7CDD6 /* BLK_math.h */,
				E37EA4CE269EB67400D7CDD6 /* BLK_poker.c */,
				E37EA4D7269EB67400D7CDD6 /* BLK_poker.h */,
				E37EA4D6269EB67400D7CDD6 /* BLK_time.c */,
				E37EA4D0269EB67400D7CDD6 /* BLK_time.h */,
				E37EA4D1269EB67400D7CDD6 /* BLK_utility.c */,
				E37EA4CF269EB67400D7CDD6 /* BLK_utility.h */,
			);
			name = core;
			sourceTree = "<group>";
		};
		E37EA4EB269EB6B500D7CDD6 /* self */ = {
			isa = PBXGroup;
			children = (
				E37EA4EC269EB6CF00D7CDD6 /* RH_config.h */,
				E37EA4ED269EB6CF00D7CDD6 /* RH_dummy.c */,
			);
			name = self;
			sourceTree = "<group>";
		};
/* End PBXGroup section */

/* Begin PBXNativeTarget section */
		E309B1ED25EA792C00DCDC93 /* Xcode_11 */ = {
			isa = PBXNativeTarget;
			buildConfigurationList = E309B1F525EA792C00DCDC93 /* Build configuration list for PBXNativeTarget "Xcode_11" */;
			buildPhases = (
				E309B1EA25EA792C00DCDC93 /* Sources */,
				E309B1EB25EA792C00DCDC93 /* Frameworks */,
				E309B1EC25EA792C00DCDC93 /* CopyFiles */,
			);
			buildRules = (
			);
			dependencies = (
			);
			name = Xcode_11;
			productName = Xcode_11;
			productReference = E309B1EE25EA792C00DCDC93 /* Xcode_11 */;
			productType = "com.apple.product-type.tool";
		};
/* End PBXNativeTarget section */

/* Begin PBXProject section */
		E309B1E625EA792C00DCDC93 /* Project object */ = {
			isa = PBXProject;
			attributes = {
				LastUpgradeCheck = 1120;
				ORGANIZATIONNAME = "Randle Helmslay";
				TargetAttributes = {
					E309B1ED25EA792C00DCDC93 = {
						CreatedOnToolsVersion = 11.1;
					};
				};
			};
			buildConfigurationList = E309B1E925EA792C00DCDC93 /* Build configuration list for PBXProject "Xcode_11" */;
			compatibilityVersion = "Xcode 9.3";
			developmentRegion = en;
			hasScannedForEncodings = 0;
			knownRegions = (
				en,
				Base,
			);
			mainGroup = E309B1E525EA792C00DCDC93;
			productRefGroup = E309B1EF25EA792C00DCDC93 /* Products */;
			projectDirPath = "";
			projectRoot = "";
			targets = (
				E309B1ED25EA792C00DCDC93 /* Xcode_11 */,
			);
		};
/* End PBXProject section */

/* Begin PBXSourcesBuildPhase section */
		E309B1EA25EA792C00DCDC93 /* Sources */ = {
			isa = PBXSourcesBuildPhase;
			buildActionMask = 2147483647;
			files = (
				E37EA4EE269EB6CF00D7CDD6 /* RH_dummy.c in Sources */,
				E37EA4E4269EB67500D7CDD6 /* BLK_graphic.c in Sources */,
				E37EA4E6269EB67500D7CDD6 /* BLK_dsp.c in Sources */,
				E309B1F225EA792C00DCDC93 /* main.c in Sources */,
				E37EA4E8269EB67500D7CDD6 /* BLK_data.c in Sources */,
				E37EA4E2269EB67500D7CDD6 /* BLK_math.c in Sources */,
				E37EA4E7269EB67500D7CDD6 /* BLK_image.c in Sources */,
				E37EA4E5269EB67500D7CDD6 /* BLK_time.c in Sources */,
				E37EA4E3269EB67500D7CDD6 /* BLK_lib.c in Sources */,
				E37EA4E1269EB67500D7CDD6 /* BLK_utility.c in Sources */,
				E37EA4E0269EB67500D7CDD6 /* BLK_poker.c in Sources */,
			);
			runOnlyForDeploymentPostprocessing = 0;
		};
/* End PBXSourcesBuildPhase section */

/* Begin XCBuildConfiguration section */
		E309B1F325EA792C00DCDC93 /* Debug */ = {
			isa = XCBuildConfiguration;
			buildSettings = {
				ALWAYS_SEARCH_USER_PATHS = NO;
				CLANG_ANALYZER_NONNULL = YES;
				CLANG_ANALYZER_NUMBER_OBJECT_CONVERSION = YES_AGGRESSIVE;
				CLANG_CXX_LANGUAGE_STANDARD = "gnu++14";
				CLANG_CXX_LIBRARY = "libc++";
				CLANG_ENABLE_MODULES = YES;
				CLANG_ENABLE_OBJC_ARC = YES;
				CLANG_ENABLE_OBJC_WEAK = YES;
				CLANG_WARN_BLOCK_CAPTURE_AUTORELEASING = YES;
				CLANG_WARN_BOOL_CONVERSION = YES;
				CLANG_WARN_COMMA = YES;
				CLANG_WARN_CONSTANT_CONVERSION = YES;
				CLANG_WARN_DEPRECATED_OBJC_IMPLEMENTATIONS = YES;
				CLANG_WARN_DIRECT_OBJC_ISA_USAGE = YES_ERROR;
				CLANG_WARN_DOCUMENTATION_COMMENTS = YES;
				CLANG_WARN_EMPTY_BODY = YES;
				CLANG_WARN_ENUM_CONVERSION = YES;
				CLANG_WARN_INFINITE_RECURSION = YES;
				CLANG_WARN_INT_CONVERSION = YES;
				CLANG_WARN_NON_LITERAL_NULL_CONVERSION = YES;
				CLANG_WARN_OBJC_IMPLICIT_RETAIN_SELF = YES;
				CLANG_WARN_OBJC_LITERAL_CONVERSION = YES;
				CLANG_WARN_OBJC_ROOT_CLASS = YES_ERROR;
				CLANG_WARN_RANGE_LOOP_ANALYSIS = YES;
				CLANG_WARN_STRICT_PROTOTYPES = YES;
				CLANG_WARN_SUSPICIOUS_MOVE = YES;
				CLANG_WARN_UNGUARDED_AVAILABILITY = YES_AGGRESSIVE;
				CLANG_WARN_UNREACHABLE_CODE = YES;
				CLANG_WARN__DUPLICATE_METHOD_MATCH = YES;
				COPY_PHASE_STRIP = NO;
				DEBUG_INFORMATION_FORMAT = dwarf;
				ENABLE_STRICT_OBJC_MSGSEND = YES;
				ENABLE_TESTABILITY = YES;
				GCC_C_LANGUAGE_STANDARD = gnu11;
				GCC_DYNAMIC_NO_PIC = NO;
				GCC_NO_COMMON_BLOCKS = YES;
				GCC_OPTIMIZATION_LEVEL = 0;
				GCC_PREPROCESSOR_DEFINITIONS = (
					"DEBUG=1",
					"$(inherited)",
				);
				GCC_WARN_64_TO_32_BIT_CONVERSION = YES;
				GCC_WARN_ABOUT_RETURN_TYPE = YES_ERROR;
				GCC_WARN_UNDECLARED_SELECTOR = YES;
				GCC_WARN_UNINITIALIZED_AUTOS = YES_AGGRESSIVE;
				GCC_WARN_UNUSED_FUNCTION = YES;
				GCC_WARN_UNUSED_VARIABLE = YES;
				MACOSX_DEPLOYMENT_TARGET = 10.14;
				MTL_ENABLE_DEBUG_INFO = INCLUDE_SOURCE;
				MTL_FAST_MATH = YES;
				ONLY_ACTIVE_ARCH = YES;
				SDKROOT = macosx;
			};
			name = Debug;
		};
		E309B1F425EA792C00DCDC93 /* Release */ = {
			isa = XCBuildConfiguration;
			buildSettings = {
				ALWAYS_SEARCH_USER_PATHS = NO;
				CLANG_ANALYZER_NONNULL = YES;
				CLANG_ANALYZER_NUMBER_OBJECT_CONVERSION = YES_AGGRESSIVE;
				CLANG_CXX_LANGUAGE_STANDARD = "gnu++14";
				CLANG_CXX_LIBRARY = "libc++";
				CLANG_ENABLE_MODULES = YES;
				CLANG_ENABLE_OBJC_ARC = YES;
				CLANG_ENABLE_OBJC_WEAK = YES;
				CLANG_WARN_BLOCK_CAPTURE_AUTORELEASING = YES;
				CLANG_WARN_BOOL_CONVERSION = YES;
				CLANG_WARN_COMMA = YES;
				CLANG_WARN_CONSTANT_CONVERSION = YES;
				CLANG_WARN_DEPRECATED_OBJC_IMPLEMENTATIONS = YES;
				CLANG_WARN_DIRECT_OBJC_ISA_USAGE = YES_ERROR;
				CLANG_WARN_DOCUMENTATION_COMMENTS = YES;
				CLANG_WARN_EMPTY_BODY = YES;
				CLANG_WARN_ENUM_CONVERSION = YES;
				CLANG_WARN_INFINITE_RECURSION = YES;
				CLANG_WARN_INT_CONVERSION = YES;
				CLANG_WARN_NON_LITERAL_NULL_CONVERSION = YES;
				CLANG_WARN_OBJC_IMPLICIT_RETAIN_SELF = YES;
				CLANG_WARN_OBJC_LITERAL_CONVERSION = YES;
				CLANG_WARN_OBJC_ROOT_CLASS = YES_ERROR;
				CLANG_WARN_RANGE_LOOP_ANALYSIS = YES;
				CLANG_WARN_STRICT_PROTOTYPES = YES;
				CLANG_WARN_SUSPICIOUS_MOVE = YES;
				CLANG_WARN_UNGUARDED_AVAILABILITY = YES_AGGRESSIVE;
				CLANG_WARN_UNREACHABLE_CODE = YES;
				CLANG_WARN__DUPLICATE_METHOD_MATCH = YES;
				COPY_PHASE_STRIP = NO;
				DEBUG_INFORMATION_FORMAT = "dwarf-with-dsym";
				ENABLE_NS_ASSERTIONS = NO;
				ENABLE_STRICT_OBJC_MSGSEND = YES;
				GCC_C_LANGUAGE_STANDARD = gnu11;
				GCC_NO_COMMON_BLOCKS = YES;
				GCC_WARN_64_TO_32_BIT_CONVERSION = YES;
				GCC_WARN_ABOUT_RETURN_TYPE = YES_ERROR;
				GCC_WARN_UNDECLARED_SELECTOR = YES;
				GCC_WARN_UNINITIALIZED_AUTOS = YES_AGGRESSIVE;
				GCC_WARN_UNUSED_FUNCTION = YES;
				GCC_WARN_UNUSED_VARIABLE = YES;
				MACOSX_DEPLOYMENT_TARGET = 10.14;
				MTL_ENABLE_DEBUG_INFO = NO;
				MTL_FAST_MATH = YES;
				SDKROOT = macosx;
			};
			name = Release;
		};
		E309B1F625EA792C00DCDC93 /* Debug */ = {
			isa = XCBuildConfiguration;
			buildSettings = {
				CODE_SIGN_IDENTITY = "-";
				CODE_SIGN_STYLE = Automatic;
				DEVELOPMENT_TEAM = MVU89C43SX;
				ENABLE_HARDENED_RUNTIME = YES;
				PRODUCT_NAME = "$(TARGET_NAME)";
			};
			name = Debug;
		};
		E309B1F725EA792C00DCDC93 /* Release */ = {
			isa = XCBuildConfiguration;
			buildSettings = {
				CODE_SIGN_IDENTITY = "-";
				CODE_SIGN_STYLE = Automatic;
				DEVELOPMENT_TEAM = MVU89C43SX;
				ENABLE_HARDENED_RUNTIME = YES;
				PRODUCT_NAME = "$(TARGET_NAME)";
			};
			name = Release;
		};
/* End XCBuildConfiguration section */

/* Begin XCConfigurationList section */
		E309B1E925EA792C00DCDC93 /* Build configuration list for PBXProject "Xcode_11" */ = {
			isa = XCConfigurationList;
			buildConfigurations = (
				E309B1F325EA792C00DCDC93 /* Debug */,
				E309B1F425EA792C00DCDC93 /* Release */,
			);
			defaultConfigurationIsVisible = 0;
			defaultConfigurationName = Release;
		};
		E309B1F525EA792C00DCDC93 /* Build configuration list for PBXNativeTarget "Xcode_11" */ = {
			isa = XCConfigurationList;
			buildConfigurations = (
				E309B1F625EA792C00DCDC93 /* Debug */,
				E309B1F725EA792C00DCDC93 /* Release */,
			);
			defaultConfigurationIsVisible = 0;
			defaultConfigurationName = Release;
		};
/* End XCConfigurationList section */
	};
	rootObject = E309B1E625EA792C00DCDC93 /* Project object */;
}
