// !$*UTF8*$!
{
	archiveVersion = 1;
	classes = {
	};
	objectVersion = 50;
	objects = {

/* Begin PBXBuildFile section */
		E3A7DCE725DE20A000588D3D /* main.c in Sources */ = {isa = PBXBuildFile; fileRef = E3A7DCE625DE20A000588D3D /* main.c */; };
		E3A7DCFA25DE222500588D3D /* RH_data.c in Sources */ = {isa = PBXBuildFile; fileRef = E3A7DCEF25DE222500588D3D /* RH_data.c */; };
		E3A7DCFB25DE222500588D3D /* RH_image.c in Sources */ = {isa = PBXBuildFile; fileRef = E3A7DCF125DE222500588D3D /* RH_image.c */; };
		E3A7DCFC25DE222500588D3D /* RH_lib.c in Sources */ = {isa = PBXBuildFile; fileRef = E3A7DCF325DE222500588D3D /* RH_lib.c */; };
		E3A7DCFD25DE222500588D3D /* RH_utility.c in Sources */ = {isa = PBXBuildFile; fileRef = E3A7DCF425DE222500588D3D /* RH_utility.c */; };
		E3A7DCFE25DE222500588D3D /* RH_dsp.c in Sources */ = {isa = PBXBuildFile; fileRef = E3A7DCF825DE222500588D3D /* RH_dsp.c */; };
		E3A7DD0225DE257000588D3D /* RH_math.c in Sources */ = {isa = PBXBuildFile; fileRef = E3A7DD0125DE257000588D3D /* RH_math.c */; };
/* End PBXBuildFile section */

/* Begin PBXCopyFilesBuildPhase section */
		E3A7DCE125DE20A000588D3D /* CopyFiles */ = {
			isa = PBXCopyFilesBuildPhase;
			buildActionMask = 2147483647;
			dstPath = /usr/share/man/man1/;
			dstSubfolderSpec = 0;
			files = (
			);
			runOnlyForDeploymentPostprocessing = 1;
		};
/* End PBXCopyFilesBuildPhase section */

/* Begin PBXFileReference section */
		E3A7DCE325DE20A000588D3D /* XCode_12.4 */ = {isa = PBXFileReference; explicitFileType = "compiled.mach-o.executable"; includeInIndex = 0; path = XCode_12.4; sourceTree = BUILT_PRODUCTS_DIR; };
		E3A7DCE625DE20A000588D3D /* main.c */ = {isa = PBXFileReference; lastKnownFileType = sourcecode.c.c; path = main.c; sourceTree = "<group>"; };
		E3A7DCEF25DE222500588D3D /* RH_data.c */ = {isa = PBXFileReference; fileEncoding = 4; lastKnownFileType = sourcecode.c.c; name = RH_data.c; path = ../RH_data.c; sourceTree = "<group>"; };
		E3A7DCF025DE222500588D3D /* RH_data.h */ = {isa = PBXFileReference; fileEncoding = 4; lastKnownFileType = sourcecode.c.h; name = RH_data.h; path = ../RH_data.h; sourceTree = "<group>"; };
		E3A7DCF125DE222500588D3D /* RH_image.c */ = {isa = PBXFileReference; fileEncoding = 4; lastKnownFileType = sourcecode.c.c; name = RH_image.c; path = ../RH_image.c; sourceTree = "<group>"; };
		E3A7DCF225DE222500588D3D /* RH_common.h */ = {isa = PBXFileReference; fileEncoding = 4; lastKnownFileType = sourcecode.c.h; name = RH_common.h; path = ../RH_common.h; sourceTree = "<group>"; };
		E3A7DCF325DE222500588D3D /* RH_lib.c */ = {isa = PBXFileReference; fileEncoding = 4; lastKnownFileType = sourcecode.c.c; name = RH_lib.c; path = ../RH_lib.c; sourceTree = "<group>"; };
		E3A7DCF425DE222500588D3D /* RH_utility.c */ = {isa = PBXFileReference; fileEncoding = 4; lastKnownFileType = sourcecode.c.c; name = RH_utility.c; path = ../RH_utility.c; sourceTree = "<group>"; };
		E3A7DCF525DE222500588D3D /* RH_utility.h */ = {isa = PBXFileReference; fileEncoding = 4; lastKnownFileType = sourcecode.c.h; name = RH_utility.h; path = ../RH_utility.h; sourceTree = "<group>"; };
		E3A7DCF625DE222500588D3D /* RH_image.h */ = {isa = PBXFileReference; fileEncoding = 4; lastKnownFileType = sourcecode.c.h; name = RH_image.h; path = ../RH_image.h; sourceTree = "<group>"; };
		E3A7DCF725DE222500588D3D /* RH_dsp.h */ = {isa = PBXFileReference; fileEncoding = 4; lastKnownFileType = sourcecode.c.h; name = RH_dsp.h; path = ../RH_dsp.h; sourceTree = "<group>"; };
		E3A7DCF825DE222500588D3D /* RH_dsp.c */ = {isa = PBXFileReference; fileEncoding = 4; lastKnownFileType = sourcecode.c.c; name = RH_dsp.c; path = ../RH_dsp.c; sourceTree = "<group>"; };
		E3A7DCF925DE222500588D3D /* RH_lib.h */ = {isa = PBXFileReference; fileEncoding = 4; lastKnownFileType = sourcecode.c.h; name = RH_lib.h; path = ../RH_lib.h; sourceTree = "<group>"; };
		E3A7DD0025DE257000588D3D /* RH_math.h */ = {isa = PBXFileReference; fileEncoding = 4; lastKnownFileType = sourcecode.c.h; name = RH_math.h; path = ../RH_math.h; sourceTree = "<group>"; };
		E3A7DD0125DE257000588D3D /* RH_math.c */ = {isa = PBXFileReference; fileEncoding = 4; lastKnownFileType = sourcecode.c.c; name = RH_math.c; path = ../RH_math.c; sourceTree = "<group>"; };
/* End PBXFileReference section */

/* Begin PBXFrameworksBuildPhase section */
		E3A7DCE025DE20A000588D3D /* Frameworks */ = {
			isa = PBXFrameworksBuildPhase;
			buildActionMask = 2147483647;
			files = (
			);
			runOnlyForDeploymentPostprocessing = 0;
		};
/* End PBXFrameworksBuildPhase section */

/* Begin PBXGroup section */
		E3A7DCDA25DE20A000588D3D = {
			isa = PBXGroup;
			children = (
				E3A7DCEE25DE220A00588D3D /* BlackHouse */,
				E3A7DCE525DE20A000588D3D /* XCode_12.4 */,
				E3A7DCE425DE20A000588D3D /* Products */,
			);
			sourceTree = "<group>";
		};
		E3A7DCE425DE20A000588D3D /* Products */ = {
			isa = PBXGroup;
			children = (
				E3A7DCE325DE20A000588D3D /* XCode_12.4 */,
			);
			name = Products;
			sourceTree = "<group>";
		};
		E3A7DCE525DE20A000588D3D /* XCode_12.4 */ = {
			isa = PBXGroup;
			children = (
				E3A7DCE625DE20A000588D3D /* main.c */,
			);
			path = XCode_12.4;
			sourceTree = "<group>";
		};
		E3A7DCEE25DE220A00588D3D /* BlackHouse */ = {
			isa = PBXGroup;
			children = (
				E3A7DD0125DE257000588D3D /* RH_math.c */,
				E3A7DD0025DE257000588D3D /* RH_math.h */,
				E3A7DCF225DE222500588D3D /* RH_common.h */,
				E3A7DCEF25DE222500588D3D /* RH_data.c */,
				E3A7DCF025DE222500588D3D /* RH_data.h */,
				E3A7DCF825DE222500588D3D /* RH_dsp.c */,
				E3A7DCF725DE222500588D3D /* RH_dsp.h */,
				E3A7DCF125DE222500588D3D /* RH_image.c */,
				E3A7DCF625DE222500588D3D /* RH_image.h */,
				E3A7DCF325DE222500588D3D /* RH_lib.c */,
				E3A7DCF925DE222500588D3D /* RH_lib.h */,
				E3A7DCF425DE222500588D3D /* RH_utility.c */,
				E3A7DCF525DE222500588D3D /* RH_utility.h */,
			);
			name = BlackHouse;
			sourceTree = "<group>";
		};
/* End PBXGroup section */

/* Begin PBXNativeTarget section */
		E3A7DCE225DE20A000588D3D /* XCode_12.4 */ = {
			isa = PBXNativeTarget;
			buildConfigurationList = E3A7DCEA25DE20A000588D3D /* Build configuration list for PBXNativeTarget "XCode_12.4" */;
			buildPhases = (
				E3A7DCDF25DE20A000588D3D /* Sources */,
				E3A7DCE025DE20A000588D3D /* Frameworks */,
				E3A7DCE125DE20A000588D3D /* CopyFiles */,
			);
			buildRules = (
			);
			dependencies = (
			);
			name = XCode_12.4;
			productName = XCode_12.4;
			productReference = E3A7DCE325DE20A000588D3D /* XCode_12.4 */;
			productType = "com.apple.product-type.tool";
		};
/* End PBXNativeTarget section */

/* Begin PBXProject section */
		E3A7DCDB25DE20A000588D3D /* Project object */ = {
			isa = PBXProject;
			attributes = {
				LastUpgradeCheck = 1240;
				TargetAttributes = {
					E3A7DCE225DE20A000588D3D = {
						CreatedOnToolsVersion = 12.4;
					};
				};
			};
			buildConfigurationList = E3A7DCDE25DE20A000588D3D /* Build configuration list for PBXProject "XCode_12.4" */;
			compatibilityVersion = "Xcode 9.3";
			developmentRegion = en;
			hasScannedForEncodings = 0;
			knownRegions = (
				en,
				Base,
			);
			mainGroup = E3A7DCDA25DE20A000588D3D;
			productRefGroup = E3A7DCE425DE20A000588D3D /* Products */;
			projectDirPath = "";
			projectRoot = "";
			targets = (
				E3A7DCE225DE20A000588D3D /* XCode_12.4 */,
			);
		};
/* End PBXProject section */

/* Begin PBXSourcesBuildPhase section */
		E3A7DCDF25DE20A000588D3D /* Sources */ = {
			isa = PBXSourcesBuildPhase;
			buildActionMask = 2147483647;
			files = (
				E3A7DCE725DE20A000588D3D /* main.c in Sources */,
				E3A7DCFC25DE222500588D3D /* RH_lib.c in Sources */,
				E3A7DCFA25DE222500588D3D /* RH_data.c in Sources */,
				E3A7DD0225DE257000588D3D /* RH_math.c in Sources */,
				E3A7DCFE25DE222500588D3D /* RH_dsp.c in Sources */,
				E3A7DCFD25DE222500588D3D /* RH_utility.c in Sources */,
				E3A7DCFB25DE222500588D3D /* RH_image.c in Sources */,
			);
			runOnlyForDeploymentPostprocessing = 0;
		};
/* End PBXSourcesBuildPhase section */

/* Begin XCBuildConfiguration section */
		E3A7DCE825DE20A000588D3D /* Debug */ = {
			isa = XCBuildConfiguration;
			buildSettings = {
				ALWAYS_SEARCH_USER_PATHS = NO;
				CLANG_ANALYZER_NONNULL = YES;
				CLANG_ANALYZER_NUMBER_OBJECT_CONVERSION = YES_AGGRESSIVE;
				CLANG_CXX_LANGUAGE_STANDARD = "gnu++14";
				CLANG_CXX_LIBRARY = "libc++";
				CLANG_ENABLE_MODULES = YES;
				CLANG_ENABLE_OBJC_ARC = YES;
				CLANG_ENABLE_OBJC_WEAK = YES;
				CLANG_WARN_BLOCK_CAPTURE_AUTORELEASING = YES;
				CLANG_WARN_BOOL_CONVERSION = YES;
				CLANG_WARN_COMMA = YES;
				CLANG_WARN_CONSTANT_CONVERSION = YES;
				CLANG_WARN_DEPRECATED_OBJC_IMPLEMENTATIONS = YES;
				CLANG_WARN_DIRECT_OBJC_ISA_USAGE = YES_ERROR;
				CLANG_WARN_DOCUMENTATION_COMMENTS = YES;
				CLANG_WARN_EMPTY_BODY = YES;
				CLANG_WARN_ENUM_CONVERSION = YES;
				CLANG_WARN_INFINITE_RECURSION = YES;
				CLANG_WARN_INT_CONVERSION = YES;
				CLANG_WARN_NON_LITERAL_NULL_CONVERSION = YES;
				CLANG_WARN_OBJC_IMPLICIT_RETAIN_SELF = YES;
				CLANG_WARN_OBJC_LITERAL_CONVERSION = YES;
				CLANG_WARN_OBJC_ROOT_CLASS = YES_ERROR;
				CLANG_WARN_QUOTED_INCLUDE_IN_FRAMEWORK_HEADER = YES;
				CLANG_WARN_RANGE_LOOP_ANALYSIS = YES;
				CLANG_WARN_STRICT_PROTOTYPES = YES;
				CLANG_WARN_SUSPICIOUS_MOVE = YES;
				CLANG_WARN_UNGUARDED_AVAILABILITY = YES_AGGRESSIVE;
				CLANG_WARN_UNREACHABLE_CODE = YES;
				CLANG_WARN__DUPLICATE_METHOD_MATCH = YES;
				COPY_PHASE_STRIP = NO;
				DEBUG_INFORMATION_FORMAT = dwarf;
				ENABLE_STRICT_OBJC_MSGSEND = YES;
				ENABLE_TESTABILITY = YES;
				GCC_C_LANGUAGE_STANDARD = gnu11;
				GCC_DYNAMIC_NO_PIC = NO;
				GCC_NO_COMMON_BLOCKS = YES;
				GCC_OPTIMIZATION_LEVEL = 0;
				GCC_PREPROCESSOR_DEFINITIONS = (
					"DEBUG=1",
					"$(inherited)",
				);
				GCC_WARN_64_TO_32_BIT_CONVERSION = YES;
				GCC_WARN_ABOUT_RETURN_TYPE = YES_ERROR;
				GCC_WARN_UNDECLARED_SELECTOR = YES;
				GCC_WARN_UNINITIALIZED_AUTOS = YES_AGGRESSIVE;
				GCC_WARN_UNUSED_FUNCTION = YES;
				GCC_WARN_UNUSED_VARIABLE = YES;
				MACOSX_DEPLOYMENT_TARGET = 10.15;
				MTL_ENABLE_DEBUG_INFO = INCLUDE_SOURCE;
				MTL_FAST_MATH = YES;
				ONLY_ACTIVE_ARCH = YES;
				SDKROOT = macosx;
			};
			name = Debug;
		};
		E3A7DCE925DE20A000588D3D /* Release */ = {
			isa = XCBuildConfiguration;
			buildSettings = {
				ALWAYS_SEARCH_USER_PATHS = NO;
				CLANG_ANALYZER_NONNULL = YES;
				CLANG_ANALYZER_NUMBER_OBJECT_CONVERSION = YES_AGGRESSIVE;
				CLANG_CXX_LANGUAGE_STANDARD = "gnu++14";
				CLANG_CXX_LIBRARY = "libc++";
				CLANG_ENABLE_MODULES = YES;
				CLANG_ENABLE_OBJC_ARC = YES;
				CLANG_ENABLE_OBJC_WEAK = YES;
				CLANG_WARN_BLOCK_CAPTURE_AUTORELEASING = YES;
				CLANG_WARN_BOOL_CONVERSION = YES;
				CLANG_WARN_COMMA = YES;
				CLANG_WARN_CONSTANT_CONVERSION = YES;
				CLANG_WARN_DEPRECATED_OBJC_IMPLEMENTATIONS = YES;
				CLANG_WARN_DIRECT_OBJC_ISA_USAGE = YES_ERROR;
				CLANG_WARN_DOCUMENTATION_COMMENTS = YES;
				CLANG_WARN_EMPTY_BODY = YES;
				CLANG_WARN_ENUM_CONVERSION = YES;
				CLANG_WARN_INFINITE_RECURSION = YES;
				CLANG_WARN_INT_CONVERSION = YES;
				CLANG_WARN_NON_LITERAL_NULL_CONVERSION = YES;
				CLANG_WARN_OBJC_IMPLICIT_RETAIN_SELF = YES;
				CLANG_WARN_OBJC_LITERAL_CONVERSION = YES;
				CLANG_WARN_OBJC_ROOT_CLASS = YES_ERROR;
				CLANG_WARN_QUOTED_INCLUDE_IN_FRAMEWORK_HEADER = YES;
				CLANG_WARN_RANGE_LOOP_ANALYSIS = YES;
				CLANG_WARN_STRICT_PROTOTYPES = YES;
				CLANG_WARN_SUSPICIOUS_MOVE = YES;
				CLANG_WARN_UNGUARDED_AVAILABILITY = YES_AGGRESSIVE;
				CLANG_WARN_UNREACHABLE_CODE = YES;
				CLANG_WARN__DUPLICATE_METHOD_MATCH = YES;
				COPY_PHASE_STRIP = NO;
				DEBUG_INFORMATION_FORMAT = "dwarf-with-dsym";
				ENABLE_NS_ASSERTIONS = NO;
				ENABLE_STRICT_OBJC_MSGSEND = YES;
				GCC_C_LANGUAGE_STANDARD = gnu11;
				GCC_NO_COMMON_BLOCKS = YES;
				GCC_WARN_64_TO_32_BIT_CONVERSION = YES;
				GCC_WARN_ABOUT_RETURN_TYPE = YES_ERROR;
				GCC_WARN_UNDECLARED_SELECTOR = YES;
				GCC_WARN_UNINITIALIZED_AUTOS = YES_AGGRESSIVE;
				GCC_WARN_UNUSED_FUNCTION = YES;
				GCC_WARN_UNUSED_VARIABLE = YES;
				MACOSX_DEPLOYMENT_TARGET = 10.15;
				MTL_ENABLE_DEBUG_INFO = NO;
				MTL_FAST_MATH = YES;
				SDKROOT = macosx;
			};
			name = Release;
		};
		E3A7DCEB25DE20A000588D3D /* Debug */ = {
			isa = XCBuildConfiguration;
			buildSettings = {
				CODE_SIGN_STYLE = Automatic;
				PRODUCT_NAME = "$(TARGET_NAME)";
			};
			name = Debug;
		};
		E3A7DCEC25DE20A000588D3D /* Release */ = {
			isa = XCBuildConfiguration;
			buildSettings = {
				CODE_SIGN_STYLE = Automatic;
				PRODUCT_NAME = "$(TARGET_NAME)";
			};
			name = Release;
		};
/* End XCBuildConfiguration section */

/* Begin XCConfigurationList section */
		E3A7DCDE25DE20A000588D3D /* Build configuration list for PBXProject "XCode_12.4" */ = {
			isa = XCConfigurationList;
			buildConfigurations = (
				E3A7DCE825DE20A000588D3D /* Debug */,
				E3A7DCE925DE20A000588D3D /* Release */,
			);
			defaultConfigurationIsVisible = 0;
			defaultConfigurationName = Release;
		};
		E3A7DCEA25DE20A000588D3D /* Build configuration list for PBXNativeTarget "XCode_12.4" */ = {
			isa = XCConfigurationList;
			buildConfigurations = (
				E3A7DCEB25DE20A000588D3D /* Debug */,
				E3A7DCEC25DE20A000588D3D /* Release */,
			);
			defaultConfigurationIsVisible = 0;
			defaultConfigurationName = Release;
		};
/* End XCConfigurationList section */
	};
	rootObject = E3A7DCDB25DE20A000588D3D /* Project object */;
}
